// !$*UTF8*$!
{
	archiveVersion = 1;
	classes = {
	};
	objectVersion = 50;
	objects = {

/* Begin PBXBuildFile section */
		902D0C182740DD0B0028F1AD /* AppDelegate.swift in Sources */ = {isa = PBXBuildFile; fileRef = 902D0C172740DD0B0028F1AD /* AppDelegate.swift */; };
		902D0C1A2740DD0B0028F1AD /* SceneDelegate.swift in Sources */ = {isa = PBXBuildFile; fileRef = 902D0C192740DD0B0028F1AD /* SceneDelegate.swift */; };
		902D0C1C2740DD0B0028F1AD /* ViewController.swift in Sources */ = {isa = PBXBuildFile; fileRef = 902D0C1B2740DD0B0028F1AD /* ViewController.swift */; };
		902D0C1F2740DD0B0028F1AD /* Main.storyboard in Resources */ = {isa = PBXBuildFile; fileRef = 902D0C1D2740DD0B0028F1AD /* Main.storyboard */; };
		902D0C212740DD120028F1AD /* Assets.xcassets in Resources */ = {isa = PBXBuildFile; fileRef = 902D0C202740DD120028F1AD /* Assets.xcassets */; };
		902D0C242740DD120028F1AD /* LaunchScreen.storyboard in Resources */ = {isa = PBXBuildFile; fileRef = 902D0C222740DD120028F1AD /* LaunchScreen.storyboard */; };
		902D0C2F2740DD120028F1AD /* SwiftFunctionalTests.swift in Sources */ = {isa = PBXBuildFile; fileRef = 902D0C2E2740DD120028F1AD /* SwiftFunctionalTests.swift */; };
		902D0C3A2740DD120028F1AD /* SwiftFunctionalUITests.swift in Sources */ = {isa = PBXBuildFile; fileRef = 902D0C392740DD120028F1AD /* SwiftFunctionalUITests.swift */; };
		902D0C482740DD590028F1AD /* Battleship.swift in Sources */ = {isa = PBXBuildFile; fileRef = 902D0C472740DD590028F1AD /* Battleship.swift */; };
		902D0C4A2740E86E0028F1AD /* GeneralFunction.swift in Sources */ = {isa = PBXBuildFile; fileRef = 902D0C492740E86E0028F1AD /* GeneralFunction.swift */; };
		902D0C4C2740ED580028F1AD /* OptionalValue.swift in Sources */ = {isa = PBXBuildFile; fileRef = 902D0C4B2740ED580028F1AD /* OptionalValue.swift */; };
		902D0C4E2740F3C30028F1AD /* FunctionDataStructure.swift in Sources */ = {isa = PBXBuildFile; fileRef = 902D0C4D2740F3C30028F1AD /* FunctionDataStructure.swift */; };
/* End PBXBuildFile section */

/* Begin PBXContainerItemProxy section */
		902D0C2B2740DD120028F1AD /* PBXContainerItemProxy */ = {
			isa = PBXContainerItemProxy;
			containerPortal = 902D0C0C2740DD0B0028F1AD /* Project object */;
			proxyType = 1;
			remoteGlobalIDString = 902D0C132740DD0B0028F1AD;
			remoteInfo = SwiftFunctional;
		};
		902D0C362740DD120028F1AD /* PBXContainerItemProxy */ = {
			isa = PBXContainerItemProxy;
			containerPortal = 902D0C0C2740DD0B0028F1AD /* Project object */;
			proxyType = 1;
			remoteGlobalIDString = 902D0C132740DD0B0028F1AD;
			remoteInfo = SwiftFunctional;
		};
/* End PBXContainerItemProxy section */

/* Begin PBXFileReference section */
		902D0C142740DD0B0028F1AD /* SwiftFunctional.app */ = {isa = PBXFileReference; explicitFileType = wrapper.application; includeInIndex = 0; path = SwiftFunctional.app; sourceTree = BUILT_PRODUCTS_DIR; };
		902D0C172740DD0B0028F1AD /* AppDelegate.swift */ = {isa = PBXFileReference; lastKnownFileType = sourcecode.swift; path = AppDelegate.swift; sourceTree = "<group>"; };
		902D0C192740DD0B0028F1AD /* SceneDelegate.swift */ = {isa = PBXFileReference; lastKnownFileType = sourcecode.swift; path = SceneDelegate.swift; sourceTree = "<group>"; };
		902D0C1B2740DD0B0028F1AD /* ViewController.swift */ = {isa = PBXFileReference; lastKnownFileType = sourcecode.swift; path = ViewController.swift; sourceTree = "<group>"; };
		902D0C1E2740DD0B0028F1AD /* Base */ = {isa = PBXFileReference; lastKnownFileType = file.storyboard; name = Base; path = Base.lproj/Main.storyboard; sourceTree = "<group>"; };
		902D0C202740DD120028F1AD /* Assets.xcassets */ = {isa = PBXFileReference; lastKnownFileType = folder.assetcatalog; path = Assets.xcassets; sourceTree = "<group>"; };
		902D0C232740DD120028F1AD /* Base */ = {isa = PBXFileReference; lastKnownFileType = file.storyboard; name = Base; path = Base.lproj/LaunchScreen.storyboard; sourceTree = "<group>"; };
		902D0C252740DD120028F1AD /* Info.plist */ = {isa = PBXFileReference; lastKnownFileType = text.plist.xml; path = Info.plist; sourceTree = "<group>"; };
		902D0C2A2740DD120028F1AD /* SwiftFunctionalTests.xctest */ = {isa = PBXFileReference; explicitFileType = wrapper.cfbundle; includeInIndex = 0; path = SwiftFunctionalTests.xctest; sourceTree = BUILT_PRODUCTS_DIR; };
		902D0C2E2740DD120028F1AD /* SwiftFunctionalTests.swift */ = {isa = PBXFileReference; lastKnownFileType = sourcecode.swift; path = SwiftFunctionalTests.swift; sourceTree = "<group>"; };
		902D0C302740DD120028F1AD /* Info.plist */ = {isa = PBXFileReference; lastKnownFileType = text.plist.xml; path = Info.plist; sourceTree = "<group>"; };
		902D0C352740DD120028F1AD /* SwiftFunctionalUITests.xctest */ = {isa = PBXFileReference; explicitFileType = wrapper.cfbundle; includeInIndex = 0; path = SwiftFunctionalUITests.xctest; sourceTree = BUILT_PRODUCTS_DIR; };
		902D0C392740DD120028F1AD /* SwiftFunctionalUITests.swift */ = {isa = PBXFileReference; lastKnownFileType = sourcecode.swift; path = SwiftFunctionalUITests.swift; sourceTree = "<group>"; };
		902D0C3B2740DD120028F1AD /* Info.plist */ = {isa = PBXFileReference; lastKnownFileType = text.plist.xml; path = Info.plist; sourceTree = "<group>"; };
		902D0C472740DD590028F1AD /* Battleship.swift */ = {isa = PBXFileReference; lastKnownFileType = sourcecode.swift; path = Battleship.swift; sourceTree = "<group>"; };
		902D0C492740E86E0028F1AD /* GeneralFunction.swift */ = {isa = PBXFileReference; lastKnownFileType = sourcecode.swift; path = GeneralFunction.swift; sourceTree = "<group>"; };
		902D0C4B2740ED580028F1AD /* OptionalValue.swift */ = {isa = PBXFileReference; lastKnownFileType = sourcecode.swift; path = OptionalValue.swift; sourceTree = "<group>"; };
		902D0C4D2740F3C30028F1AD /* FunctionDataStructure.swift */ = {isa = PBXFileReference; lastKnownFileType = sourcecode.swift; path = FunctionDataStructure.swift; sourceTree = "<group>"; };
/* End PBXFileReference section */

/* Begin PBXFrameworksBuildPhase section */
		902D0C112740DD0B0028F1AD /* Frameworks */ = {
			isa = PBXFrameworksBuildPhase;
			buildActionMask = 2147483647;
			files = (
			);
			runOnlyForDeploymentPostprocessing = 0;
		};
		902D0C272740DD120028F1AD /* Frameworks */ = {
			isa = PBXFrameworksBuildPhase;
			buildActionMask = 2147483647;
			files = (
			);
			runOnlyForDeploymentPostprocessing = 0;
		};
		902D0C322740DD120028F1AD /* Frameworks */ = {
			isa = PBXFrameworksBuildPhase;
			buildActionMask = 2147483647;
			files = (
			);
			runOnlyForDeploymentPostprocessing = 0;
		};
/* End PBXFrameworksBuildPhase section */

/* Begin PBXGroup section */
		902D0C0B2740DD0B0028F1AD = {
			isa = PBXGroup;
			children = (
				902D0C162740DD0B0028F1AD /* SwiftFunctional */,
				902D0C2D2740DD120028F1AD /* SwiftFunctionalTests */,
				902D0C382740DD120028F1AD /* SwiftFunctionalUITests */,
				902D0C152740DD0B0028F1AD /* Products */,
			);
			sourceTree = "<group>";
		};
		902D0C152740DD0B0028F1AD /* Products */ = {
			isa = PBXGroup;
			children = (
				902D0C142740DD0B0028F1AD /* SwiftFunctional.app */,
				902D0C2A2740DD120028F1AD /* SwiftFunctionalTests.xctest */,
				902D0C352740DD120028F1AD /* SwiftFunctionalUITests.xctest */,
			);
			name = Products;
			sourceTree = "<group>";
		};
		902D0C162740DD0B0028F1AD /* SwiftFunctional */ = {
			isa = PBXGroup;
			children = (
				902D0C172740DD0B0028F1AD /* AppDelegate.swift */,
				902D0C192740DD0B0028F1AD /* SceneDelegate.swift */,
				902D0C1B2740DD0B0028F1AD /* ViewController.swift */,
				902D0C1D2740DD0B0028F1AD /* Main.storyboard */,
				902D0C202740DD120028F1AD /* Assets.xcassets */,
				902D0C222740DD120028F1AD /* LaunchScreen.storyboard */,
				902D0C252740DD120028F1AD /* Info.plist */,
				902D0C472740DD590028F1AD /* Battleship.swift */,
				902D0C492740E86E0028F1AD /* GeneralFunction.swift */,
				902D0C4B2740ED580028F1AD /* OptionalValue.swift */,
				902D0C4D2740F3C30028F1AD /* FunctionDataStructure.swift */,
			);
			path = SwiftFunctional;
			sourceTree = "<group>";
		};
		902D0C2D2740DD120028F1AD /* SwiftFunctionalTests */ = {
			isa = PBXGroup;
			children = (
				902D0C2E2740DD120028F1AD /* SwiftFunctionalTests.swift */,
				902D0C302740DD120028F1AD /* Info.plist */,
			);
			path = SwiftFunctionalTests;
			sourceTree = "<group>";
		};
		902D0C382740DD120028F1AD /* SwiftFunctionalUITests */ = {
			isa = PBXGroup;
			children = (
				902D0C392740DD120028F1AD /* SwiftFunctionalUITests.swift */,
				902D0C3B2740DD120028F1AD /* Info.plist */,
			);
			path = SwiftFunctionalUITests;
			sourceTree = "<group>";
		};
/* End PBXGroup section */

/* Begin PBXNativeTarget section */
		902D0C132740DD0B0028F1AD /* SwiftFunctional */ = {
			isa = PBXNativeTarget;
			buildConfigurationList = 902D0C3E2740DD120028F1AD /* Build configuration list for PBXNativeTarget "SwiftFunctional" */;
			buildPhases = (
				902D0C102740DD0B0028F1AD /* Sources */,
				902D0C112740DD0B0028F1AD /* Frameworks */,
				902D0C122740DD0B0028F1AD /* Resources */,
			);
			buildRules = (
			);
			dependencies = (
			);
			name = SwiftFunctional;
			productName = SwiftFunctional;
			productReference = 902D0C142740DD0B0028F1AD /* SwiftFunctional.app */;
			productType = "com.apple.product-type.application";
		};
		902D0C292740DD120028F1AD /* SwiftFunctionalTests */ = {
			isa = PBXNativeTarget;
			buildConfigurationList = 902D0C412740DD120028F1AD /* Build configuration list for PBXNativeTarget "SwiftFunctionalTests" */;
			buildPhases = (
				902D0C262740DD120028F1AD /* Sources */,
				902D0C272740DD120028F1AD /* Frameworks */,
				902D0C282740DD120028F1AD /* Resources */,
			);
			buildRules = (
			);
			dependencies = (
				902D0C2C2740DD120028F1AD /* PBXTargetDependency */,
			);
			name = SwiftFunctionalTests;
			productName = SwiftFunctionalTests;
			productReference = 902D0C2A2740DD120028F1AD /* SwiftFunctionalTests.xctest */;
			productType = "com.apple.product-type.bundle.unit-test";
		};
		902D0C342740DD120028F1AD /* SwiftFunctionalUITests */ = {
			isa = PBXNativeTarget;
			buildConfigurationList = 902D0C442740DD120028F1AD /* Build configuration list for PBXNativeTarget "SwiftFunctionalUITests" */;
			buildPhases = (
				902D0C312740DD120028F1AD /* Sources */,
				902D0C322740DD120028F1AD /* Frameworks */,
				902D0C332740DD120028F1AD /* Resources */,
			);
			buildRules = (
			);
			dependencies = (
				902D0C372740DD120028F1AD /* PBXTargetDependency */,
			);
			name = SwiftFunctionalUITests;
			productName = SwiftFunctionalUITests;
			productReference = 902D0C352740DD120028F1AD /* SwiftFunctionalUITests.xctest */;
			productType = "com.apple.product-type.bundle.ui-testing";
		};
/* End PBXNativeTarget section */

/* Begin PBXProject section */
		902D0C0C2740DD0B0028F1AD /* Project object */ = {
			isa = PBXProject;
			attributes = {
				LastSwiftUpdateCheck = 1250;
				LastUpgradeCheck = 1250;
				TargetAttributes = {
					902D0C132740DD0B0028F1AD = {
						CreatedOnToolsVersion = 12.5.1;
					};
					902D0C292740DD120028F1AD = {
						CreatedOnToolsVersion = 12.5.1;
						TestTargetID = 902D0C132740DD0B0028F1AD;
					};
					902D0C342740DD120028F1AD = {
						CreatedOnToolsVersion = 12.5.1;
						TestTargetID = 902D0C132740DD0B0028F1AD;
					};
				};
			};
			buildConfigurationList = 902D0C0F2740DD0B0028F1AD /* Build configuration list for PBXProject "SwiftFunctional" */;
			compatibilityVersion = "Xcode 9.3";
			developmentRegion = en;
			hasScannedForEncodings = 0;
			knownRegions = (
				en,
				Base,
			);
			mainGroup = 902D0C0B2740DD0B0028F1AD;
			productRefGroup = 902D0C152740DD0B0028F1AD /* Products */;
			projectDirPath = "";
			projectRoot = "";
			targets = (
				902D0C132740DD0B0028F1AD /* SwiftFunctional */,
				902D0C292740DD120028F1AD /* SwiftFunctionalTests */,
				902D0C342740DD120028F1AD /* SwiftFunctionalUITests */,
			);
		};
/* End PBXProject section */

/* Begin PBXResourcesBuildPhase section */
		902D0C122740DD0B0028F1AD /* Resources */ = {
			isa = PBXResourcesBuildPhase;
			buildActionMask = 2147483647;
			files = (
				902D0C242740DD120028F1AD /* LaunchScreen.storyboard in Resources */,
				902D0C212740DD120028F1AD /* Assets.xcassets in Resources */,
				902D0C1F2740DD0B0028F1AD /* Main.storyboard in Resources */,
			);
			runOnlyForDeploymentPostprocessing = 0;
		};
		902D0C282740DD120028F1AD /* Resources */ = {
			isa = PBXResourcesBuildPhase;
			buildActionMask = 2147483647;
			files = (
			);
			runOnlyForDeploymentPostprocessing = 0;
		};
		902D0C332740DD120028F1AD /* Resources */ = {
			isa = PBXResourcesBuildPhase;
			buildActionMask = 2147483647;
			files = (
			);
			runOnlyForDeploymentPostprocessing = 0;
		};
/* End PBXResourcesBuildPhase section */

/* Begin PBXSourcesBuildPhase section */
		902D0C102740DD0B0028F1AD /* Sources */ = {
			isa = PBXSourcesBuildPhase;
			buildActionMask = 2147483647;
			files = (
				902D0C1C2740DD0B0028F1AD /* ViewController.swift in Sources */,
				902D0C4C2740ED580028F1AD /* OptionalValue.swift in Sources */,
				902D0C4E2740F3C30028F1AD /* FunctionDataStructure.swift in Sources */,
				902D0C182740DD0B0028F1AD /* AppDelegate.swift in Sources */,
				902D0C1A2740DD0B0028F1AD /* SceneDelegate.swift in Sources */,
				902D0C4A2740E86E0028F1AD /* GeneralFunction.swift in Sources */,
				902D0C482740DD590028F1AD /* Battleship.swift in Sources */,
			);
			runOnlyForDeploymentPostprocessing = 0;
		};
		902D0C262740DD120028F1AD /* Sources */ = {
			isa = PBXSourcesBuildPhase;
			buildActionMask = 2147483647;
			files = (
				902D0C2F2740DD120028F1AD /* SwiftFunctionalTests.swift in Sources */,
			);
			runOnlyForDeploymentPostprocessing = 0;
		};
		902D0C312740DD120028F1AD /* Sources */ = {
			isa = PBXSourcesBuildPhase;
			buildActionMask = 2147483647;
			files = (
				902D0C3A2740DD120028F1AD /* SwiftFunctionalUITests.swift in Sources */,
			);
			runOnlyForDeploymentPostprocessing = 0;
		};
/* End PBXSourcesBuildPhase section */

/* Begin PBXTargetDependency section */
		902D0C2C2740DD120028F1AD /* PBXTargetDependency */ = {
			isa = PBXTargetDependency;
			target = 902D0C132740DD0B0028F1AD /* SwiftFunctional */;
			targetProxy = 902D0C2B2740DD120028F1AD /* PBXContainerItemProxy */;
		};
		902D0C372740DD120028F1AD /* PBXTargetDependency */ = {
			isa = PBXTargetDependency;
			target = 902D0C132740DD0B0028F1AD /* SwiftFunctional */;
			targetProxy = 902D0C362740DD120028F1AD /* PBXContainerItemProxy */;
		};
/* End PBXTargetDependency section */

/* Begin PBXVariantGroup section */
		902D0C1D2740DD0B0028F1AD /* Main.storyboard */ = {
			isa = PBXVariantGroup;
			children = (
				902D0C1E2740DD0B0028F1AD /* Base */,
			);
			name = Main.storyboard;
			sourceTree = "<group>";
		};
		902D0C222740DD120028F1AD /* LaunchScreen.storyboard */ = {
			isa = PBXVariantGroup;
			children = (
				902D0C232740DD120028F1AD /* Base */,
			);
			name = LaunchScreen.storyboard;
			sourceTree = "<group>";
		};
/* End PBXVariantGroup section */

/* Begin XCBuildConfiguration section */
		902D0C3C2740DD120028F1AD /* Debug */ = {
			isa = XCBuildConfiguration;
			buildSettings = {
				ALWAYS_SEARCH_USER_PATHS = NO;
				CLANG_ANALYZER_NONNULL = YES;
				CLANG_ANALYZER_NUMBER_OBJECT_CONVERSION = YES_AGGRESSIVE;
				CLANG_CXX_LANGUAGE_STANDARD = "gnu++14";
				CLANG_CXX_LIBRARY = "libc++";
				CLANG_ENABLE_MODULES = YES;
				CLANG_ENABLE_OBJC_ARC = YES;
				CLANG_ENABLE_OBJC_WEAK = YES;
				CLANG_WARN_BLOCK_CAPTURE_AUTORELEASING = YES;
				CLANG_WARN_BOOL_CONVERSION = YES;
				CLANG_WARN_COMMA = YES;
				CLANG_WARN_CONSTANT_CONVERSION = YES;
				CLANG_WARN_DEPRECATED_OBJC_IMPLEMENTATIONS = YES;
				CLANG_WARN_DIRECT_OBJC_ISA_USAGE = YES_ERROR;
				CLANG_WARN_DOCUMENTATION_COMMENTS = YES;
				CLANG_WARN_EMPTY_BODY = YES;
				CLANG_WARN_ENUM_CONVERSION = YES;
				CLANG_WARN_INFINITE_RECURSION = YES;
				CLANG_WARN_INT_CONVERSION = YES;
				CLANG_WARN_NON_LITERAL_NULL_CONVERSION = YES;
				CLANG_WARN_OBJC_IMPLICIT_RETAIN_SELF = YES;
				CLANG_WARN_OBJC_LITERAL_CONVERSION = YES;
				CLANG_WARN_OBJC_ROOT_CLASS = YES_ERROR;
				CLANG_WARN_QUOTED_INCLUDE_IN_FRAMEWORK_HEADER = YES;
				CLANG_WARN_RANGE_LOOP_ANALYSIS = YES;
				CLANG_WARN_STRICT_PROTOTYPES = YES;
				CLANG_WARN_SUSPICIOUS_MOVE = YES;
				CLANG_WARN_UNGUARDED_AVAILABILITY = YES_AGGRESSIVE;
				CLANG_WARN_UNREACHABLE_CODE = YES;
				CLANG_WARN__DUPLICATE_METHOD_MATCH = YES;
				COPY_PHASE_STRIP = NO;
				DEBUG_INFORMATION_FORMAT = dwarf;
				ENABLE_STRICT_OBJC_MSGSEND = YES;
				ENABLE_TESTABILITY = YES;
				GCC_C_LANGUAGE_STANDARD = gnu11;
				GCC_DYNAMIC_NO_PIC = NO;
				GCC_NO_COMMON_BLOCKS = YES;
				GCC_OPTIMIZATION_LEVEL = 0;
				GCC_PREPROCESSOR_DEFINITIONS = (
					"DEBUG=1",
					"$(inherited)",
				);
				GCC_WARN_64_TO_32_BIT_CONVERSION = YES;
				GCC_WARN_ABOUT_RETURN_TYPE = YES_ERROR;
				GCC_WARN_UNDECLARED_SELECTOR = YES;
				GCC_WARN_UNINITIALIZED_AUTOS = YES_AGGRESSIVE;
				GCC_WARN_UNUSED_FUNCTION = YES;
				GCC_WARN_UNUSED_VARIABLE = YES;
				IPHONEOS_DEPLOYMENT_TARGET = 14.5;
				MTL_ENABLE_DEBUG_INFO = INCLUDE_SOURCE;
				MTL_FAST_MATH = YES;
				ONLY_ACTIVE_ARCH = YES;
				SDKROOT = iphoneos;
				SWIFT_ACTIVE_COMPILATION_CONDITIONS = DEBUG;
				SWIFT_OPTIMIZATION_LEVEL = "-Onone";
			};
			name = Debug;
		};
		902D0C3D2740DD120028F1AD /* Release */ = {
			isa = XCBuildConfiguration;
			buildSettings = {
				ALWAYS_SEARCH_USER_PATHS = NO;
				CLANG_ANALYZER_NONNULL = YES;
				CLANG_ANALYZER_NUMBER_OBJECT_CONVERSION = YES_AGGRESSIVE;
				CLANG_CXX_LANGUAGE_STANDARD = "gnu++14";
				CLANG_CXX_LIBRARY = "libc++";
				CLANG_ENABLE_MODULES = YES;
				CLANG_ENABLE_OBJC_ARC = YES;
				CLANG_ENABLE_OBJC_WEAK = YES;
				CLANG_WARN_BLOCK_CAPTURE_AUTORELEASING = YES;
				CLANG_WARN_BOOL_CONVERSION = YES;
				CLANG_WARN_COMMA = YES;
				CLANG_WARN_CONSTANT_CONVERSION = YES;
				CLANG_WARN_DEPRECATED_OBJC_IMPLEMENTATIONS = YES;
				CLANG_WARN_DIRECT_OBJC_ISA_USAGE = YES_ERROR;
				CLANG_WARN_DOCUMENTATION_COMMENTS = YES;
				CLANG_WARN_EMPTY_BODY = YES;
				CLANG_WARN_ENUM_CONVERSION = YES;
				CLANG_WARN_INFINITE_RECURSION = YES;
				CLANG_WARN_INT_CONVERSION = YES;
				CLANG_WARN_NON_LITERAL_NULL_CONVERSION = YES;
				CLANG_WARN_OBJC_IMPLICIT_RETAIN_SELF = YES;
				CLANG_WARN_OBJC_LITERAL_CONVERSION = YES;
				CLANG_WARN_OBJC_ROOT_CLASS = YES_ERROR;
				CLANG_WARN_QUOTED_INCLUDE_IN_FRAMEWORK_HEADER = YES;
				CLANG_WARN_RANGE_LOOP_ANALYSIS = YES;
				CLANG_WARN_STRICT_PROTOTYPES = YES;
				CLANG_WARN_SUSPICIOUS_MOVE = YES;
				CLANG_WARN_UNGUARDED_AVAILABILITY = YES_AGGRESSIVE;
				CLANG_WARN_UNREACHABLE_CODE = YES;
				CLANG_WARN__DUPLICATE_METHOD_MATCH = YES;
				COPY_PHASE_STRIP = NO;
				DEBUG_INFORMATION_FORMAT = "dwarf-with-dsym";
				ENABLE_NS_ASSERTIONS = NO;
				ENABLE_STRICT_OBJC_MSGSEND = YES;
				GCC_C_LANGUAGE_STANDARD = gnu11;
				GCC_NO_COMMON_BLOCKS = YES;
				GCC_WARN_64_TO_32_BIT_CONVERSION = YES;
				GCC_WARN_ABOUT_RETURN_TYPE = YES_ERROR;
				GCC_WARN_UNDECLARED_SELECTOR = YES;
				GCC_WARN_UNINITIALIZED_AUTOS = YES_AGGRESSIVE;
				GCC_WARN_UNUSED_FUNCTION = YES;
				GCC_WARN_UNUSED_VARIABLE = YES;
				IPHONEOS_DEPLOYMENT_TARGET = 14.5;
				MTL_ENABLE_DEBUG_INFO = NO;
				MTL_FAST_MATH = YES;
				SDKROOT = iphoneos;
				SWIFT_COMPILATION_MODE = wholemodule;
				SWIFT_OPTIMIZATION_LEVEL = "-O";
				VALIDATE_PRODUCT = YES;
			};
			name = Release;
		};
		902D0C3F2740DD120028F1AD /* Debug */ = {
			isa = XCBuildConfiguration;
			buildSettings = {
				ASSETCATALOG_COMPILER_APPICON_NAME = AppIcon;
				ASSETCATALOG_COMPILER_GLOBAL_ACCENT_COLOR_NAME = AccentColor;
				CODE_SIGN_STYLE = Automatic;
				DEVELOPMENT_TEAM = LH8PPFBRK4;
				INFOPLIST_FILE = SwiftFunctional/Info.plist;
				LD_RUNPATH_SEARCH_PATHS = (
					"$(inherited)",
					"@executable_path/Frameworks",
				);
				PRODUCT_BUNDLE_IDENTIFIER = com.ziipin.SwiftFunctional;
				PRODUCT_NAME = "$(TARGET_NAME)";
				SWIFT_VERSION = 5.0;
				TARGETED_DEVICE_FAMILY = "1,2";
			};
			name = Debug;
		};
		902D0C402740DD120028F1AD /* Release */ = {
			isa = XCBuildConfiguration;
			buildSettings = {
				ASSETCATALOG_COMPILER_APPICON_NAME = AppIcon;
				ASSETCATALOG_COMPILER_GLOBAL_ACCENT_COLOR_NAME = AccentColor;
				CODE_SIGN_STYLE = Automatic;
				DEVELOPMENT_TEAM = LH8PPFBRK4;
				INFOPLIST_FILE = SwiftFunctional/Info.plist;
				LD_RUNPATH_SEARCH_PATHS = (
					"$(inherited)",
					"@executable_path/Frameworks",
				);
				PRODUCT_BUNDLE_IDENTIFIER = com.ziipin.SwiftFunctional;
				PRODUCT_NAME = "$(TARGET_NAME)";
				SWIFT_VERSION = 5.0;
				TARGETED_DEVICE_FAMILY = "1,2";
			};
			name = Release;
		};
		902D0C422740DD120028F1AD /* Debug */ = {
			isa = XCBuildConfiguration;
			buildSettings = {
				ALWAYS_EMBED_SWIFT_STANDARD_LIBRARIES = YES;
				BUNDLE_LOADER = "$(TEST_HOST)";
				CODE_SIGN_STYLE = Automatic;
				DEVELOPMENT_TEAM = LH8PPFBRK4;
				INFOPLIST_FILE = SwiftFunctionalTests/Info.plist;
				IPHONEOS_DEPLOYMENT_TARGET = 14.5;
				LD_RUNPATH_SEARCH_PATHS = (
					"$(inherited)",
					"@executable_path/Frameworks",
					"@loader_path/Frameworks",
				);
				PRODUCT_BUNDLE_IDENTIFIER = com.ziipin.SwiftFunctionalTests;
				PRODUCT_NAME = "$(TARGET_NAME)";
				SWIFT_VERSION = 5.0;
				TARGETED_DEVICE_FAMILY = "1,2";
				TEST_HOST = "$(BUILT_PRODUCTS_DIR)/SwiftFunctional.app/SwiftFunctional";
			};
			name = Debug;
		};
		902D0C432740DD120028F1AD /* Release */ = {
			isa = XCBuildConfiguration;
			buildSettings = {
				ALWAYS_EMBED_SWIFT_STANDARD_LIBRARIES = YES;
				BUNDLE_LOADER = "$(TEST_HOST)";
				CODE_SIGN_STYLE = Automatic;
				DEVELOPMENT_TEAM = LH8PPFBRK4;
				INFOPLIST_FILE = SwiftFunctionalTests/Info.plist;
				IPHONEOS_DEPLOYMENT_TARGET = 14.5;
				LD_RUNPATH_SEARCH_PATHS = (
					"$(inherited)",
					"@executable_path/Frameworks",
					"@loader_path/Frameworks",
				);
				PRODUCT_BUNDLE_IDENTIFIER = com.ziipin.SwiftFunctionalTests;
				PRODUCT_NAME = "$(TARGET_NAME)";
				SWIFT_VERSION = 5.0;
				TARGETED_DEVICE_FAMILY = "1,2";
				TEST_HOST = "$(BUILT_PRODUCTS_DIR)/SwiftFunctional.app/SwiftFunctional";
			};
			name = Release;
		};
		902D0C452740DD120028F1AD /* Debug */ = {
			isa = XCBuildConfiguration;
			buildSettings = {
				ALWAYS_EMBED_SWIFT_STANDARD_LIBRARIES = YES;
				CODE_SIGN_STYLE = Automatic;
				DEVELOPMENT_TEAM = LH8PPFBRK4;
				INFOPLIST_FILE = SwiftFunctionalUITests/Info.plist;
				LD_RUNPATH_SEARCH_PATHS = (
					"$(inherited)",
					"@executable_path/Frameworks",
					"@loader_path/Frameworks",
				);
				PRODUCT_BUNDLE_IDENTIFIER = com.ziipin.SwiftFunctionalUITests;
				PRODUCT_NAME = "$(TARGET_NAME)";
				SWIFT_VERSION = 5.0;
				TARGETED_DEVICE_FAMILY = "1,2";
				TEST_TARGET_NAME = SwiftFunctional;
			};
			name = Debug;
		};
		902D0C462740DD120028F1AD /* Release */ = {
			isa = XCBuildConfiguration;
			buildSettings = {
				ALWAYS_EMBED_SWIFT_STANDARD_LIBRARIES = YES;
				CODE_SIGN_STYLE = Automatic;
				DEVELOPMENT_TEAM = LH8PPFBRK4;
				INFOPLIST_FILE = SwiftFunctionalUITests/Info.plist;
				LD_RUNPATH_SEARCH_PATHS = (
					"$(inherited)",
					"@executable_path/Frameworks",
					"@loader_path/Frameworks",
				);
				PRODUCT_BUNDLE_IDENTIFIER = com.ziipin.SwiftFunctionalUITests;
				PRODUCT_NAME = "$(TARGET_NAME)";
				SWIFT_VERSION = 5.0;
				TARGETED_DEVICE_FAMILY = "1,2";
				TEST_TARGET_NAME = SwiftFunctional;
			};
			name = Release;
		};
/* End XCBuildConfiguration section */

/* Begin XCConfigurationList section */
		902D0C0F2740DD0B0028F1AD /* Build configuration list for PBXProject "SwiftFunctional" */ = {
			isa = XCConfigurationList;
			buildConfigurations = (
				902D0C3C2740DD120028F1AD /* Debug */,
				902D0C3D2740DD120028F1AD /* Release */,
			);
			defaultConfigurationIsVisible = 0;
			defaultConfigurationName = Release;
		};
		902D0C3E2740DD120028F1AD /* Build configuration list for PBXNativeTarget "SwiftFunctional" */ = {
			isa = XCConfigurationList;
			buildConfigurations = (
				902D0C3F2740DD120028F1AD /* Debug */,
				902D0C402740DD120028F1AD /* Release */,
			);
			defaultConfigurationIsVisible = 0;
			defaultConfigurationName = Release;
		};
		902D0C412740DD120028F1AD /* Build configuration list for PBXNativeTarget "SwiftFunctionalTests" */ = {
			isa = XCConfigurationList;
			buildConfigurations = (
				902D0C422740DD120028F1AD /* Debug */,
				902D0C432740DD120028F1AD /* Release */,
			);
			defaultConfigurationIsVisible = 0;
			defaultConfigurationName = Release;
		};
		902D0C442740DD120028F1AD /* Build configuration list for PBXNativeTarget "SwiftFunctionalUITests" */ = {
			isa = XCConfigurationList;
			buildConfigurations = (
				902D0C452740DD120028F1AD /* Debug */,
				902D0C462740DD120028F1AD /* Release */,
			);
			defaultConfigurationIsVisible = 0;
			defaultConfigurationName = Release;
		};
/* End XCConfigurationList section */
	};
	rootObject = 902D0C0C2740DD0B0028F1AD /* Project object */;
}
